
Microsoft Visual Studio Solution File, Format Version 12.00
# Visual Studio Version 17
VisualStudioVersion = 17.10.35013.160
MinimumVisualStudioVersion = 10.0.40219.1
Project("{9A19103F-16F7-4668-BE54-9A1E7A4F7556}") = "AWSS3_Pro", "AWSS3_Pro.csproj", "{FAF3B47D-024B-4D90-B3C6-65C126A5DFC8}"
EndProject
Global
	GlobalSection(SolutionConfigurationPlatforms) = preSolution
		Debug|Any CPU = Debug|Any CPU
		Release|Any CPU = Release|Any CPU
	EndGlobalSection
	GlobalSection(ProjectConfigurationPlatforms) = postSolution
		{FAF3B47D-024B-4D90-B3C6-65C126A5DFC8}.Debug|Any CPU.ActiveCfg = Debug|Any CPU
		{FAF3B47D-024B-4D90-B3C6-65C126A5DFC8}.Debug|Any CPU.Build.0 = Debug|Any CPU
		{FAF3B47D-024B-4D90-B3C6-65C126A5DFC8}.Release|Any CPU.ActiveCfg = Release|Any CPU
		{FAF3B47D-024B-4D90-B3C6-65C126A5DFC8}.Release|Any CPU.Build.0 = Release|Any CPU
	EndGlobalSection
	GlobalSection(SolutionProperties) = preSolution
		HideSolutionNode = FALSE
	EndGlobalSection
	GlobalSection(ExtensibilityGlobals) = postSolution
		SolutionGuid = {ED16D0DB-5249-49C1-A050-63FA28B5AA4C}
	EndGlobalSection
EndGlobal
